<?xml version="1.0" encoding="utf-8"?>
<Project ToolsVersion="4.0" xmlns="http://schemas.microsoft.com/developer/msbuild/2003">
  <ItemGroup>
    <Filter Include="Source Files">
      <UniqueIdentifier>{4FC737F1-C7A5-4376-A066-2A32D752A2FF}</UniqueIdentifier>
      <Extensions>cpp;c;cc;cxx;c++;cppm;ixx;def;odl;idl;hpj;bat;asm;asmx</Extensions>
    </Filter>
    <Filter Include="Header Files">
      <UniqueIdentifier>{93995380-89BD-4b04-88EB-625FBE52EBFB}</UniqueIdentifier>
      <Extensions>h;hh;hpp;hxx;h++;hm;inl;inc;ipp;xsd</Extensions>
    </Filter>
    <Filter Include="Resource Files">
      <UniqueIdentifier>{67DA6AB6-F800-4c08-8B7A-83BB121AAD01}</UniqueIdentifier>
      <Extensions>rc;ico;cur;bmp;dlg;rc2;rct;bin;rgs;gif;jpg;jpeg;jpe;resx;tiff;tif;png;wav;mfcribbon-ms</Extensions>
    </Filter>
  </ItemGroup>
  <ItemGroup>
    <ClInclude Include="pch\framework.h">
      <Filter>Header Files</Filter>
    </ClInclude>
    <ClInclude Include="pch\pch.h">
      <Filter>Header Files</Filter>
    </ClInclude>
    <ClInclude Include="includes\MadInjector.hpp">
      <Filter>Header Files</Filter>
    </ClInclude>
    <ClInclude Include="src\Utility\FunctionInterface.hpp">
      <Filter>Header Files</Filter>
    </ClInclude>
    <ClInclude Include="includes\ExecutionMethods.hpp">
      <Filter>Header Files</Filter>
    </ClInclude>
    <ClInclude Include="src\SymbolLoader\SymbolLoader.h">
      <Filter>Header Files</Filter>
    </ClInclude>
    <ClInclude Include="src\Console\Console.h">
      <Filter>Header Files</Filter>
    </ClInclude>
    <ClInclude Include="src\DownloadManager\DownloadCallback.h">
      <Filter>Header Files</Filter>
    </ClInclude>
    <ClInclude Include="src\x86Invoker\x86Caller.hpp">
      <Filter>Header Files</Filter>
    </ClInclude>
    <ClInclude Include="src\WinTypes\WinTypes.hpp">
      <Filter>Header Files</Filter>
    </ClInclude>
    <ClInclude Include="src\Utility\HelperFunctions.hpp">
      <Filter>Header Files</Filter>
    </ClInclude>
    <ClInclude Include="src\SymbolParser\SymbolParser.h">
      <Filter>Header Files</Filter>
    </ClInclude>
    <ClInclude Include="includes\InternalFunctions.h">
      <Filter>Header Files</Filter>
    </ClInclude>
    <ClInclude Include="src\IPC\FileMappingIPC.h">
      <Filter>Header Files</Filter>
    </ClInclude>
    <ClInclude Include="src\WinTypes\VEHTypes.hpp">
      <Filter>Header Files</Filter>
    </ClInclude>
    <ClInclude Include="src\WinTypes\ManualMapTypes.hpp">
      <Filter>Header Files</Filter>
    </ClInclude>
    <ClInclude Include="src\ManualMapper\ManualMapper.hpp">
      <Filter>Header Files</Filter>
    </ClInclude>
    <ClInclude Include="src\ThreadPoolMethod\DataTypesThreadPool.hpp">
      <Filter>Header Files</Filter>
    </ClInclude>
    <ClInclude Include="src\ThreadPoolMethod\SessionRestrictionFix.hpp">
      <Filter>Header Files</Filter>
    </ClInclude>
    <ClInclude Include="src\GenericShellcode.hpp">
      <Filter>Header Files</Filter>
    </ClInclude>
    <ClInclude Include="src\HandleHijacker\HandleHijacker.hpp">
      <Filter>Header Files</Filter>
    </ClInclude>
    <ClInclude Include="src\Console\ConsoleCallback.hpp">
      <Filter>Header Files</Filter>
    </ClInclude>
  </ItemGroup>
  <ItemGroup>
    <ClCompile Include="src\dllmain.cpp">
      <Filter>Source Files</Filter>
    </ClCompile>
    <ClCompile Include="pch\pch.cpp">
      <Filter>Source Files</Filter>
    </ClCompile>
    <ClCompile Include="src\MadInjector.cpp">
      <Filter>Source Files</Filter>
    </ClCompile>
    <ClCompile Include="src\InjectionStubs\LoadLibrary.cpp">
      <Filter>Source Files</Filter>
    </ClCompile>
    <ClCompile Include="src\ExecutionMethods\CRTInjection.cpp">
      <Filter>Source Files</Filter>
    </ClCompile>
    <ClCompile Include="src\InjectionStubs\LdrLoadDll.cpp">
      <Filter>Source Files</Filter>
    </ClCompile>
    <ClCompile Include="src\SymbolLoader\SymbolLoader.cpp">
      <Filter>Source Files</Filter>
    </ClCompile>
    <ClCompile Include="src\Console\Console.cpp">
      <Filter>Source Files</Filter>
    </ClCompile>
    <ClCompile Include="src\DownloadManager\DownloadCallback.cpp">
      <Filter>Source Files</Filter>
    </ClCompile>
    <ClCompile Include="src\x86Invoker\x86Caller.cpp">
      <Filter>Source Files</Filter>
    </ClCompile>
    <ClCompile Include="src\SymbolParser\SymbolParser.cpp">
      <Filter>Source Files</Filter>
    </ClCompile>
    <ClCompile Include="src\InjectionStubs\LdrpLoadDll.cpp">
      <Filter>Source Files</Filter>
    </ClCompile>
    <ClCompile Include="src\InjectionStubs\LdrpLoadDllInternal.cpp">
      <Filter>Source Files</Filter>
    </ClCompile>
    <ClCompile Include="src\ExecutionMethods\SWHInjection.cpp">
      <Filter>Source Files</Filter>
    </ClCompile>
    <ClCompile Include="src\ExecutionMethods\ThreadHijacking.cpp">
      <Filter>Source Files</Filter>
    </ClCompile>
    <ClCompile Include="src\HandleHijacker\HandleHijacker.cpp">
      <Filter>Source Files</Filter>
    </ClCompile>
    <ClCompile Include="src\IPC\FileMappingIPC.cpp">
      <Filter>Source Files</Filter>
    </ClCompile>
    <ClCompile Include="src\ExecutionMethods\APCInjection.cpp">
      <Filter>Source Files</Filter>
    </ClCompile>
    <ClCompile Include="src\ExecutionMethods\KCTInjection.cpp">
      <Filter>Source Files</Filter>
    </ClCompile>
    <ClCompile Include="src\ExecutionMethods\VEHInjection.cpp">
      <Filter>Source Files</Filter>
    </ClCompile>
    <ClCompile Include="src\ManualMapper\ManualMap.cpp">
      <Filter>Source Files</Filter>
    </ClCompile>
    <ClCompile Include="src\ModuleUnlinking\ModuleUnlinker.cpp">
      <Filter>Source Files</Filter>
    </ClCompile>
    <ClCompile Include="src\ManualMapper\UnloadMappedDll.cpp">
      <Filter>Source Files</Filter>
    </ClCompile>
    <ClCompile Include="src\ThreadPoolMethod\ThreadPoolExecution.cpp">
      <Filter>Source Files</Filter>
    </ClCompile>
    <ClCompile Include="src\ThreadPoolMethod\SessionRestrictionFix.cpp">
      <Filter>Source Files</Filter>
    </ClCompile>
    <ClCompile Include="src\ThreadPoolMethod\TPGenericInjection.cpp">
      <Filter>Source Files</Filter>
    </ClCompile>
    <ClCompile Include="src\ExecutionMethods\InstrumentationCallback.cpp">
      <Filter>Source Files</Filter>
    </ClCompile>
    <ClCompile Include="src\ExecutionMethods\TLSCallbackInjection.cpp">
      <Filter>Source Files</Filter>
    </ClCompile>
  </ItemGroup>
  <ItemGroup>
    <None Include="src\Console\Console.tpp" />
  </ItemGroup>
</Project>